
Microsoft Visual Studio Solution File, Format Version 12.00
# Visual Studio Version 17
VisualStudioVersion = 17.4.33213.308
MinimumVisualStudioVersion = 10.0.40219.1
Project("{FAE04EC0-301F-11D3-BF4B-00C04F79EFBC}") = "Task7SumAndSortList", "Task7SumAndSortList.csproj", "{9383206D-165C-44A2-9587-6CC2278C51CF}"
EndProject
Global
	GlobalSection(SolutionConfigurationPlatforms) = preSolution
		Debug|Any CPU = Debug|Any CPU
		Release|Any CPU = Release|Any CPU
	EndGlobalSection
	GlobalSection(ProjectConfigurationPlatforms) = postSolution
		{9383206D-165C-44A2-9587-6CC2278C51CF}.Debug|Any CPU.ActiveCfg = Debug|Any CPU
		{9383206D-165C-44A2-9587-6CC2278C51CF}.Debug|Any CPU.Build.0 = Debug|Any CPU
		{9383206D-165C-44A2-9587-6CC2278C51CF}.Release|Any CPU.ActiveCfg = Release|Any CPU
		{9383206D-165C-44A2-9587-6CC2278C51CF}.Release|Any CPU.Build.0 = Release|Any CPU
	EndGlobalSection
	GlobalSection(SolutionProperties) = preSolution
		HideSolutionNode = FALSE
	EndGlobalSection
	GlobalSection(ExtensibilityGlobals) = postSolution
		SolutionGuid = {C5191ECC-310F-4F13-B57F-34E7F5B7DD18}
	EndGlobalSection
EndGlobal
