
Microsoft Visual Studio Solution File, Format Version 12.00
# Visual Studio Version 17
VisualStudioVersion = 17.5.33627.172
MinimumVisualStudioVersion = 10.0.40219.1
Project("{FAE04EC0-301F-11D3-BF4B-00C04F79EFBC}") = "Kontrols", "Kontrols\Kontrols.csproj", "{524DDCE8-73A2-43F7-8CC4-6A79A1263A43}"
EndProject
Global
	GlobalSection(SolutionConfigurationPlatforms) = preSolution
		Debug|Any CPU = Debug|Any CPU
		Release|Any CPU = Release|Any CPU
	EndGlobalSection
	GlobalSection(ProjectConfigurationPlatforms) = postSolution
		{524DDCE8-73A2-43F7-8CC4-6A79A1263A43}.Debug|Any CPU.ActiveCfg = Debug|Any CPU
		{524DDCE8-73A2-43F7-8CC4-6A79A1263A43}.Debug|Any CPU.Build.0 = Debug|Any CPU
		{524DDCE8-73A2-43F7-8CC4-6A79A1263A43}.Release|Any CPU.ActiveCfg = Release|Any CPU
		{524DDCE8-73A2-43F7-8CC4-6A79A1263A43}.Release|Any CPU.Build.0 = Release|Any CPU
	EndGlobalSection
	GlobalSection(SolutionProperties) = preSolution
		HideSolutionNode = FALSE
	EndGlobalSection
	GlobalSection(ExtensibilityGlobals) = postSolution
		SolutionGuid = {B8BA3C23-202D-42C9-A563-19A990BC870A}
	EndGlobalSection
EndGlobal
