
Microsoft Visual Studio Solution File, Format Version 12.00
# Visual Studio Version 17
VisualStudioVersion = 17.5.33627.172
MinimumVisualStudioVersion = 10.0.40219.1
Project("{FAE04EC0-301F-11D3-BF4B-00C04F79EFBC}") = "pregovor", "pregovor\pregovor.csproj", "{FEBEFB45-72B6-4605-BEE5-8B4AEB653229}"
EndProject
Global
	GlobalSection(SolutionConfigurationPlatforms) = preSolution
		Debug|Any CPU = Debug|Any CPU
		Release|Any CPU = Release|Any CPU
	EndGlobalSection
	GlobalSection(ProjectConfigurationPlatforms) = postSolution
		{FEBEFB45-72B6-4605-BEE5-8B4AEB653229}.Debug|Any CPU.ActiveCfg = Debug|Any CPU
		{FEBEFB45-72B6-4605-BEE5-8B4AEB653229}.Debug|Any CPU.Build.0 = Debug|Any CPU
		{FEBEFB45-72B6-4605-BEE5-8B4AEB653229}.Release|Any CPU.ActiveCfg = Release|Any CPU
		{FEBEFB45-72B6-4605-BEE5-8B4AEB653229}.Release|Any CPU.Build.0 = Release|Any CPU
	EndGlobalSection
	GlobalSection(SolutionProperties) = preSolution
		HideSolutionNode = FALSE
	EndGlobalSection
	GlobalSection(ExtensibilityGlobals) = postSolution
		SolutionGuid = {2931A54C-4CF2-4CF3-838C-8C62A3A83001}
	EndGlobalSection
EndGlobal
